{
  "name": "airport-code-extractor",
  "version": "1.0.0",
  "lockfileVersion": 2,
  "requires": true,
  "packages": {
    "": {
      "name": "airport-code-extractor",
      "version": "1.0.0",
      "license": "ISC",
      "dependencies": {
        "decancer": "^1.5.2"
      }
    },
    "node_modules/@vierofernando/decancer-android-arm-eabi": {
      "version": "1.5.2",
      "resolved": "https://registry.npmjs.org/@vierofernando/decancer-android-arm-eabi/-/decancer-android-arm-eabi-1.5.2.tgz",
      "integrity": "sha512-E2OrLFe46X012l9kDKW4atyf/jg65ZSJxLXcU+t4bWxE8Hq8ckJtg83H6iOUVVwr9+GrR96WFQAuhl+gShEtBA==",
      "cpu": [
        "arm"
      ],
      "optional": true,
      "os": [
        "android"
      ],
      "engines": {
        "node": ">= 10"
      }
    },
    "node_modules/@vierofernando/decancer-android-arm64": {
      "version": "1.5.2",
      "resolved": "https://registry.npmjs.org/@vierofernando/decancer-android-arm64/-/decancer-android-arm64-1.5.2.tgz",
      "integrity": "sha512-2XtTqlZ17xfbFCsfFur04yH5iX04xpVnS98tp6dElEhYLIvfWiosjW/f6nqWblH4T3gv4sY+OF8Fp0mE6lbyfw==",
      "cpu": [
        "arm64"
      ],
      "optional": true,
      "os": [
        "android"
      ],
      "engines": {
        "node": ">= 10"
      }
    },
    "node_modules/@vierofernando/decancer-darwin-arm64": {
      "version": "1.5.2",
      "resolved": "https://registry.npmjs.org/@vierofernando/decancer-darwin-arm64/-/decancer-darwin-arm64-1.5.2.tgz",
      "integrity": "sha512-2GHdc+QT+8RF7UDqHF6Wdrqfk+UDHyG3m/8veFVJIuRCev0/4fvnUFJm1KhkVGYy7gBDF8sBLavV3DfgKKgxHw==",
      "cpu": [
        "arm64"
      ],
      "optional": true,
      "os": [
        "darwin"
      ],
      "engines": {
        "node": ">= 10"
      }
    },
    "node_modules/@vierofernando/decancer-darwin-x64": {
      "version": "1.5.2",
      "resolved": "https://registry.npmjs.org/@vierofernando/decancer-darwin-x64/-/decancer-darwin-x64-1.5.2.tgz",
      "integrity": "sha512-wSbfYfr5Yqn/Jx9SpSkQTr+l1CB0vZAPiHptAKrhP0iWHJC28RnMqY1yoZF9L7beIpaU+qKzN4kYqp/LhxDldg==",
      "cpu": [
        "x64"
      ],
      "optional": true,
      "os": [
        "darwin"
      ],
      "engines": {
        "node": ">= 10"
      }
    },
    "node_modules/@vierofernando/decancer-freebsd-x64": {
      "version": "1.5.2",
      "resolved": "https://registry.npmjs.org/@vierofernando/decancer-freebsd-x64/-/decancer-freebsd-x64-1.5.2.tgz",
      "integrity": "sha512-7d3IREU5VlxLm4cZ6YOBR7LdTmKrTIf9BJn0d5FCu7VB7w2ret9jfSMbyn4sRnhm/oCteMYP0qpwRMB7Q+kkrg==",
      "cpu": [
        "x64"
      ],
      "optional": true,
      "os": [
        "freebsd"
      ],
      "engines": {
        "node": ">= 10"
      }
    },
    "node_modules/@vierofernando/decancer-linux-arm-gnueabihf": {
      "version": "1.5.2",
      "resolved": "https://registry.npmjs.org/@vierofernando/decancer-linux-arm-gnueabihf/-/decancer-linux-arm-gnueabihf-1.5.2.tgz",
      "integrity": "sha512-KeAmwMZMzXe0gNO9hwKG2znLLMFKOn4877SbVD+s5rNf2VWO9yZe5ixn5Ws56zbQNBjIQcfV3uSwt/Hf6Dt7vQ==",
      "cpu": [
        "arm"
      ],
      "optional": true,
      "os": [
        "linux"
      ],
      "engines": {
        "node": ">= 10"
      }
    },
    "node_modules/@vierofernando/decancer-linux-arm64-gnu": {
      "version": "1.5.2",
      "resolved": "https://registry.npmjs.org/@vierofernando/decancer-linux-arm64-gnu/-/decancer-linux-arm64-gnu-1.5.2.tgz",
      "integrity": "sha512-EoeKY6z7NkjkVvnsNFpFiEXkbVHo2sNQlCBUe/SYTh63baDE2RrmOlO4qQV/VbjpICniy27v/Qni5pnCTV7ZLw==",
      "cpu": [
        "arm64"
      ],
      "optional": true,
      "os": [
        "linux"
      ],
      "engines": {
        "node": ">= 10"
      }
    },
    "node_modules/@vierofernando/decancer-linux-arm64-musl": {
      "version": "1.5.2",
      "resolved": "https://registry.npmjs.org/@vierofernando/decancer-linux-arm64-musl/-/decancer-linux-arm64-musl-1.5.2.tgz",
      "integrity": "sha512-JURjRlQhF/yzrPNogFu5Ufx1QLeZKnT4Z/L+PcPeIMv4ZIOI3uzWz6k3h6B/vxSBF7a0vTjYyf/AHCjGWH3Ygg==",
      "cpu": [
        "arm64"
      ],
      "optional": true,
      "os": [
        "linux"
      ],
      "engines": {
        "node": ">= 10"
      }
    },
    "node_modules/@vierofernando/decancer-linux-x64-gnu": {
      "version": "1.5.2",
      "resolved": "https://registry.npmjs.org/@vierofernando/decancer-linux-x64-gnu/-/decancer-linux-x64-gnu-1.5.2.tgz",
      "integrity": "sha512-ChIoz7mX7tX7liljG3P0HrjttydGqSt+ZxXyvNHuresl7joKkU9UnTnpptpAcd1H6F35CAm0+9CNryvAgFyqVA==",
      "cpu": [
        "x64"
      ],
      "optional": true,
      "os": [
        "linux"
      ],
      "engines": {
        "node": ">= 10"
      }
    },
    "node_modules/@vierofernando/decancer-linux-x64-musl": {
      "version": "1.5.2",
      "resolved": "https://registry.npmjs.org/@vierofernando/decancer-linux-x64-musl/-/decancer-linux-x64-musl-1.5.2.tgz",
      "integrity": "sha512-bi6GY5aUgN2hda2mBVLpian2/X0s3ewTLLUpS/bqePEi2TkzJVWtDFh9bbnNEBU698dXNcfPuaQKeZefD+kZzA==",
      "cpu": [
        "x64"
      ],
      "optional": true,
      "os": [
        "linux"
      ],
      "engines": {
        "node": ">= 10"
      }
    },
    "node_modules/@vierofernando/decancer-win32-arm64-msvc": {
      "version": "1.5.2",
      "resolved": "https://registry.npmjs.org/@vierofernando/decancer-win32-arm64-msvc/-/decancer-win32-arm64-msvc-1.5.2.tgz",
      "integrity": "sha512-jlD1dZ7JeGx7SukhRGlVxZjOkZaPOC/lldguWZX8xkk4dcbW/wqLwnKkZbkGBeTZyVqJkuDXq6MTMYMFIR8DeQ==",
      "cpu": [
        "arm64"
      ],
      "optional": true,
      "os": [
        "win32"
      ],
      "engines": {
        "node": ">= 10"
      }
    },
    "node_modules/@vierofernando/decancer-win32-ia32-msvc": {
      "version": "1.5.2",
      "resolved": "https://registry.npmjs.org/@vierofernando/decancer-win32-ia32-msvc/-/decancer-win32-ia32-msvc-1.5.2.tgz",
      "integrity": "sha512-bl4UIsWLUaHWmlJYPmL1H0kkKN3Aw6GkRv/dhgJxKcz1Nx/4pDJtq9g0jwyJ91rJcdI8exMeE0TeGZuhs1zXHA==",
      "cpu": [
        "ia32"
      ],
      "optional": true,
      "os": [
        "win32"
      ],
      "engines": {
        "node": ">= 10"
      }
    },
    "node_modules/@vierofernando/decancer-win32-x64-msvc": {
      "version": "1.5.2",
      "resolved": "https://registry.npmjs.org/@vierofernando/decancer-win32-x64-msvc/-/decancer-win32-x64-msvc-1.5.2.tgz",
      "integrity": "sha512-1azddaHpqZTohx8AKYOf8rP6nAGZaKqmt0v0K4//T/MNhlEIfq5MqMT+vdcLoehWA2IKK65F3SewDaazLAlvNA==",
      "cpu": [
        "x64"
      ],
      "optional": true,
      "os": [
        "win32"
      ],
      "engines": {
        "node": ">= 10"
      }
    },
    "node_modules/decancer": {
      "version": "1.5.2",
      "resolved": "https://registry.npmjs.org/decancer/-/decancer-1.5.2.tgz",
      "integrity": "sha512-JrSY4y+Gr9MqHoEA6Et4jEUyfXOttJnYkxzgy2w1Lm1GYNtBKkKfdhhmdX3tgnLNnJuzmb7UVSfMB8lHh9XubQ==",
      "engines": {
        "node": ">= 10"
      },
      "optionalDependencies": {
        "@vierofernando/decancer-android-arm-eabi": "1.5.2",
        "@vierofernando/decancer-android-arm64": "1.5.2",
        "@vierofernando/decancer-darwin-arm64": "1.5.2",
        "@vierofernando/decancer-darwin-x64": "1.5.2",
        "@vierofernando/decancer-freebsd-x64": "1.5.2",
        "@vierofernando/decancer-linux-arm-gnueabihf": "1.5.2",
        "@vierofernando/decancer-linux-arm64-gnu": "1.5.2",
        "@vierofernando/decancer-linux-arm64-musl": "1.5.2",
        "@vierofernando/decancer-linux-x64-gnu": "1.5.2",
        "@vierofernando/decancer-linux-x64-musl": "1.5.2",
        "@vierofernando/decancer-win32-arm64-msvc": "1.5.2",
        "@vierofernando/decancer-win32-ia32-msvc": "1.5.2",
        "@vierofernando/decancer-win32-x64-msvc": "1.5.2"
      }
    }
  },
  "dependencies": {
    "@vierofernando/decancer-android-arm-eabi": {
      "version": "1.5.2",
      "resolved": "https://registry.npmjs.org/@vierofernando/decancer-android-arm-eabi/-/decancer-android-arm-eabi-1.5.2.tgz",
      "integrity": "sha512-E2OrLFe46X012l9kDKW4atyf/jg65ZSJxLXcU+t4bWxE8Hq8ckJtg83H6iOUVVwr9+GrR96WFQAuhl+gShEtBA==",
      "optional": true
    },
    "@vierofernando/decancer-android-arm64": {
      "version": "1.5.2",
      "resolved": "https://registry.npmjs.org/@vierofernando/decancer-android-arm64/-/decancer-android-arm64-1.5.2.tgz",
      "integrity": "sha512-2XtTqlZ17xfbFCsfFur04yH5iX04xpVnS98tp6dElEhYLIvfWiosjW/f6nqWblH4T3gv4sY+OF8Fp0mE6lbyfw==",
      "optional": true
    },
    "@vierofernando/decancer-darwin-arm64": {
      "version": "1.5.2",
      "resolved": "https://registry.npmjs.org/@vierofernando/decancer-darwin-arm64/-/decancer-darwin-arm64-1.5.2.tgz",
      "integrity": "sha512-2GHdc+QT+8RF7UDqHF6Wdrqfk+UDHyG3m/8veFVJIuRCev0/4fvnUFJm1KhkVGYy7gBDF8sBLavV3DfgKKgxHw==",
      "optional": true
    },
    "@vierofernando/decancer-darwin-x64": {
      "version": "1.5.2",
      "resolved": "https://registry.npmjs.org/@vierofernando/decancer-darwin-x64/-/decancer-darwin-x64-1.5.2.tgz",
      "integrity": "sha512-wSbfYfr5Yqn/Jx9SpSkQTr+l1CB0vZAPiHptAKrhP0iWHJC28RnMqY1yoZF9L7beIpaU+qKzN4kYqp/LhxDldg==",
      "optional": true
    },
    "@vierofernando/decancer-freebsd-x64": {
      "version": "1.5.2",
      "resolved": "https://registry.npmjs.org/@vierofernando/decancer-freebsd-x64/-/decancer-freebsd-x64-1.5.2.tgz",
      "integrity": "sha512-7d3IREU5VlxLm4cZ6YOBR7LdTmKrTIf9BJn0d5FCu7VB7w2ret9jfSMbyn4sRnhm/oCteMYP0qpwRMB7Q+kkrg==",
      "optional": true
    },
    "@vierofernando/decancer-linux-arm-gnueabihf": {
      "version": "1.5.2",
      "resolved": "https://registry.npmjs.org/@vierofernando/decancer-linux-arm-gnueabihf/-/decancer-linux-arm-gnueabihf-1.5.2.tgz",
      "integrity": "sha512-KeAmwMZMzXe0gNO9hwKG2znLLMFKOn4877SbVD+s5rNf2VWO9yZe5ixn5Ws56zbQNBjIQcfV3uSwt/Hf6Dt7vQ==",
      "optional": true
    },
    "@vierofernando/decancer-linux-arm64-gnu": {
      "version": "1.5.2",
      "resolved": "https://registry.npmjs.org/@vierofernando/decancer-linux-arm64-gnu/-/decancer-linux-arm64-gnu-1.5.2.tgz",
      "integrity": "sha512-EoeKY6z7NkjkVvnsNFpFiEXkbVHo2sNQlCBUe/SYTh63baDE2RrmOlO4qQV/VbjpICniy27v/Qni5pnCTV7ZLw==",
      "optional": true
    },
    "@vierofernando/decancer-linux-arm64-musl": {
      "version": "1.5.2",
      "resolved": "https://registry.npmjs.org/@vierofernando/decancer-linux-arm64-musl/-/decancer-linux-arm64-musl-1.5.2.tgz",
      "integrity": "sha512-JURjRlQhF/yzrPNogFu5Ufx1QLeZKnT4Z/L+PcPeIMv4ZIOI3uzWz6k3h6B/vxSBF7a0vTjYyf/AHCjGWH3Ygg==",
      "optional": true
    },
    "@vierofernando/decancer-linux-x64-gnu": {
      "version": "1.5.2",
      "resolved": "https://registry.npmjs.org/@vierofernando/decancer-linux-x64-gnu/-/decancer-linux-x64-gnu-1.5.2.tgz",
      "integrity": "sha512-ChIoz7mX7tX7liljG3P0HrjttydGqSt+ZxXyvNHuresl7joKkU9UnTnpptpAcd1H6F35CAm0+9CNryvAgFyqVA==",
      "optional": true
    },
    "@vierofernando/decancer-linux-x64-musl": {
      "version": "1.5.2",
      "resolved": "https://registry.npmjs.org/@vierofernando/decancer-linux-x64-musl/-/decancer-linux-x64-musl-1.5.2.tgz",
      "integrity": "sha512-bi6GY5aUgN2hda2mBVLpian2/X0s3ewTLLUpS/bqePEi2TkzJVWtDFh9bbnNEBU698dXNcfPuaQKeZefD+kZzA==",
      "optional": true
    },
    "@vierofernando/decancer-win32-arm64-msvc": {
      "version": "1.5.2",
      "resolved": "https://registry.npmjs.org/@vierofernando/decancer-win32-arm64-msvc/-/decancer-win32-arm64-msvc-1.5.2.tgz",
      "integrity": "sha512-jlD1dZ7JeGx7SukhRGlVxZjOkZaPOC/lldguWZX8xkk4dcbW/wqLwnKkZbkGBeTZyVqJkuDXq6MTMYMFIR8DeQ==",
      "optional": true
    },
    "@vierofernando/decancer-win32-ia32-msvc": {
      "version": "1.5.2",
      "resolved": "https://registry.npmjs.org/@vierofernando/decancer-win32-ia32-msvc/-/decancer-win32-ia32-msvc-1.5.2.tgz",
      "integrity": "sha512-bl4UIsWLUaHWmlJYPmL1H0kkKN3Aw6GkRv/dhgJxKcz1Nx/4pDJtq9g0jwyJ91rJcdI8exMeE0TeGZuhs1zXHA==",
      "optional": true
    },
    "@vierofernando/decancer-win32-x64-msvc": {
      "version": "1.5.2",
      "resolved": "https://registry.npmjs.org/@vierofernando/decancer-win32-x64-msvc/-/decancer-win32-x64-msvc-1.5.2.tgz",
      "integrity": "sha512-1azddaHpqZTohx8AKYOf8rP6nAGZaKqmt0v0K4//T/MNhlEIfq5MqMT+vdcLoehWA2IKK65F3SewDaazLAlvNA==",
      "optional": true
    },
    "decancer": {
      "version": "1.5.2",
      "resolved": "https://registry.npmjs.org/decancer/-/decancer-1.5.2.tgz",
      "integrity": "sha512-JrSY4y+Gr9MqHoEA6Et4jEUyfXOttJnYkxzgy2w1Lm1GYNtBKkKfdhhmdX3tgnLNnJuzmb7UVSfMB8lHh9XubQ==",
      "requires": {
        "@vierofernando/decancer-android-arm-eabi": "1.5.2",
        "@vierofernando/decancer-android-arm64": "1.5.2",
        "@vierofernando/decancer-darwin-arm64": "1.5.2",
        "@vierofernando/decancer-darwin-x64": "1.5.2",
        "@vierofernando/decancer-freebsd-x64": "1.5.2",
        "@vierofernando/decancer-linux-arm-gnueabihf": "1.5.2",
        "@vierofernando/decancer-linux-arm64-gnu": "1.5.2",
        "@vierofernando/decancer-linux-arm64-musl": "1.5.2",
        "@vierofernando/decancer-linux-x64-gnu": "1.5.2",
        "@vierofernando/decancer-linux-x64-musl": "1.5.2",
        "@vierofernando/decancer-win32-arm64-msvc": "1.5.2",
        "@vierofernando/decancer-win32-ia32-msvc": "1.5.2",
        "@vierofernando/decancer-win32-x64-msvc": "1.5.2"
      }
    }
  }
}
